
Microsoft Visual Studio Solution File, Format Version 12.00
# Visual Studio 15
Project("{FAE04EC0-301F-11D3-BF4B-00C04F79EFBC}") = "Module2_3", "Module2_3.csproj", "{67DB4A01-BFF2-4EF3-B70D-1970B3BDF456}"
EndProject
Global
	GlobalSection(SolutionConfigurationPlatforms) = preSolution
		Debug|Any CPU = Debug|Any CPU
		Release|Any CPU = Release|Any CPU
	EndGlobalSection
	GlobalSection(ProjectConfigurationPlatforms) = postSolution
		{67DB4A01-BFF2-4EF3-B70D-1970B3BDF456}.Debug|Any CPU.ActiveCfg = Debug|Any CPU
		{67DB4A01-BFF2-4EF3-B70D-1970B3BDF456}.Debug|Any CPU.Build.0 = Debug|Any CPU
		{67DB4A01-BFF2-4EF3-B70D-1970B3BDF456}.Release|Any CPU.ActiveCfg = Release|Any CPU
		{67DB4A01-BFF2-4EF3-B70D-1970B3BDF456}.Release|Any CPU.Build.0 = Release|Any CPU
	EndGlobalSection
EndGlobal
